
Microsoft Visual Studio Solution File, Format Version 12.00
# Visual Studio Version 17
VisualStudioVersion = 17.0.31903.59
MinimumVisualStudioVersion = 10.0.40219.1
Project("{2150E333-8FDC-42A3-9474-1A3956D46DE8}") = "Services", "Services", "{35F95065-80C1-450B-9726-D3BB11D1957E}"
EndProject
Project("{2150E333-8FDC-42A3-9474-1A3956D46DE8}") = "Catalog", "Catalog", "{244B26B2-53A7-4166-B29A-2B4A0C8F0852}"
EndProject
Project("{FAE04EC0-301F-11D3-BF4B-00C04F79EFBC}") = "Catalog.API", "Services\Catalog\Catalog.API\Catalog.API.csproj", "{821C8C2A-AEB1-4ADD-942B-78F8350FEC5E}"
EndProject
Global
	GlobalSection(SolutionConfigurationPlatforms) = preSolution
		Debug|Any CPU = Debug|Any CPU
		Release|Any CPU = Release|Any CPU
	EndGlobalSection
	GlobalSection(ProjectConfigurationPlatforms) = postSolution
		{821C8C2A-AEB1-4ADD-942B-78F8350FEC5E}.Debug|Any CPU.ActiveCfg = Debug|Any CPU
		{821C8C2A-AEB1-4ADD-942B-78F8350FEC5E}.Debug|Any CPU.Build.0 = Debug|Any CPU
		{821C8C2A-AEB1-4ADD-942B-78F8350FEC5E}.Release|Any CPU.ActiveCfg = Release|Any CPU
		{821C8C2A-AEB1-4ADD-942B-78F8350FEC5E}.Release|Any CPU.Build.0 = Release|Any CPU
	EndGlobalSection
	GlobalSection(SolutionProperties) = preSolution
		HideSolutionNode = FALSE
	EndGlobalSection
	GlobalSection(NestedProjects) = preSolution
		{244B26B2-53A7-4166-B29A-2B4A0C8F0852} = {35F95065-80C1-450B-9726-D3BB11D1957E}
		{821C8C2A-AEB1-4ADD-942B-78F8350FEC5E} = {244B26B2-53A7-4166-B29A-2B4A0C8F0852}
	EndGlobalSection
	GlobalSection(ExtensibilityGlobals) = postSolution
		SolutionGuid = {6D773FC4-6B97-44C6-873D-3E6C56584A7A}
	EndGlobalSection
EndGlobal
